# This file is generated by running "yarn install" inside your project.
# Manual changes might be lost - proceed with caution!

__metadata:
  version: 8
  cacheKey: 10c0

"@puzzmo/belay@workspace:.":
  version: 0.0.0-use.local
  resolution: "@puzzmo/belay@workspace:."
  dependencies:
    "@tsconfig/node-ts": "npm:^23.6.1"
    "@tsconfig/node24": "npm:^24.0.1"
    "@types/node": "npm:^20.11.24"
    typescript: "npm:5.8.3"
  languageName: unknown
  linkType: soft

"@tsconfig/node-ts@npm:^23.6.1":
  version: 23.6.2
  resolution: "@tsconfig/node-ts@npm:23.6.2"
  checksum: 10c0/c077fa6d32176c3fda151e9659a14f94306fe7ac89cb7785bce25ef7d486ad1a8193d177fff1f23937195acaedf93cbc510311336cbf59fe20655d38f8d98856
  languageName: node
  linkType: hard

"@tsconfig/node24@npm:^24.0.1":
  version: 24.0.3
  resolution: "@tsconfig/node24@npm:24.0.3"
  checksum: 10c0/68068b503774450d533dda769785356c5722bdc6a3333646fcbcb265e02aafb6d0784619ed85de6d62414df20483428b25bf3d608955ca40b085fb1f12cc26c4
  languageName: node
  linkType: hard

"@types/node@npm:^20.11.24":
  version: 20.19.25
  resolution: "@types/node@npm:20.19.25"
  dependencies:
    undici-types: "npm:~6.21.0"
  checksum: 10c0/992f18cb03264e8dc2fd3cb64f428ee4997cb6d928dad68bf4b752eacac73062697ce7ce6a0e71a6d15af510814397a20597a72332dfec638e02fb3a382ad014
  languageName: node
  linkType: hard

"typescript@npm:5.8.3":
  version: 5.8.3
  resolution: "typescript@npm:5.8.3"
  bin:
    tsc: bin/tsc
    tsserver: bin/tsserver
  checksum: 10c0/5f8bb01196e542e64d44db3d16ee0e4063ce4f3e3966df6005f2588e86d91c03e1fb131c2581baf0fb65ee79669eea6e161cd448178986587e9f6844446dbb48
  languageName: node
  linkType: hard

"typescript@patch:typescript@npm%3A5.8.3#optional!builtin<compat/typescript>":
  version: 5.8.3
  resolution: "typescript@patch:typescript@npm%3A5.8.3#optional!builtin<compat/typescript>::version=5.8.3&hash=5786d5"
  bin:
    tsc: bin/tsc
    tsserver: bin/tsserver
  checksum: 10c0/39117e346ff8ebd87ae1510b3a77d5d92dae5a89bde588c747d25da5c146603a99c8ee588c7ef80faaf123d89ed46f6dbd918d534d641083177d5fac38b8a1cb
  languageName: node
  linkType: hard

"undici-types@npm:~6.21.0":
  version: 6.21.0
  resolution: "undici-types@npm:6.21.0"
  checksum: 10c0/c01ed51829b10aa72fc3ce64b747f8e74ae9b60eafa19a7b46ef624403508a54c526ffab06a14a26b3120d055e1104d7abe7c9017e83ced038ea5cf52f8d5e04
  languageName: node
  linkType: hard
